
Microsoft Visual Studio Solution File, Format Version 12.00
# Visual Studio Version 17
VisualStudioVersion = 17.6.33829.357
MinimumVisualStudioVersion = 10.0.40219.1
Project("{FAE04EC0-301F-11D3-BF4B-00C04F79EFBC}") = "St Project", "St Project\St Project.csproj", "{229CBAC5-6F21-448F-96E2-E573D062DCE3}"
EndProject
Global
	GlobalSection(SolutionConfigurationPlatforms) = preSolution
		Debug|Any CPU = Debug|Any CPU
		Release|Any CPU = Release|Any CPU
	EndGlobalSection
	GlobalSection(ProjectConfigurationPlatforms) = postSolution
		{229CBAC5-6F21-448F-96E2-E573D062DCE3}.Debug|Any CPU.ActiveCfg = Debug|Any CPU
		{229CBAC5-6F21-448F-96E2-E573D062DCE3}.Debug|Any CPU.Build.0 = Debug|Any CPU
		{229CBAC5-6F21-448F-96E2-E573D062DCE3}.Release|Any CPU.ActiveCfg = Release|Any CPU
		{229CBAC5-6F21-448F-96E2-E573D062DCE3}.Release|Any CPU.Build.0 = Release|Any CPU
	EndGlobalSection
	GlobalSection(SolutionProperties) = preSolution
		HideSolutionNode = FALSE
	EndGlobalSection
	GlobalSection(ExtensibilityGlobals) = postSolution
		SolutionGuid = {18662CFD-DE38-4835-A6BB-2AE671800788}
	EndGlobalSection
EndGlobal
